# THIS IS AN AUTOGENERATED FILE. DO NOT EDIT THIS FILE DIRECTLY.
# yarn lockfile v1


prefix-stream-suffix@^0.0.2:
  version "0.0.2"
  resolved "https://registry.yarnpkg.com/prefix-stream-suffix/-/prefix-stream-suffix-0.0.2.tgz#83ab3e5e204624dc3afe618ae0580577a567240b"
  integrity sha512-ad6qJGlIWWNzFQ1kU12WtsX5Opo3N+GE0iFAhNpmsJq3GOOUaS7hBx6ywj+dBBUFFZa/MgCJPB5OFXFC8Z6o4w==
