# THIS IS AN AUTOGENERATED FILE. DO NOT EDIT THIS FILE DIRECTLY.
# yarn lockfile v1


prefix-stream-suffix@1.0.1:
  version "1.0.1"
  resolved "https://registry.yarnpkg.com/prefix-stream-suffix/-/prefix-stream-suffix-1.0.1.tgz#780d07ea4cadaf603e37b7305d4f1ae3424b1246"
  integrity sha512-lrm0kW1MB1rzH2tx6QFho7CJ/dGlJ6CXUU8FB1TtOrUS2Kvzh36Jiv156TxFj1lA48VoU6heBQt4zRAfo1oDUg==
