# THIS IS AN AUTOGENERATED FILE. DO NOT EDIT THIS FILE DIRECTLY.
# yarn lockfile v1


prefix-stream-suffix@^0.0.1:
  version "0.0.1"
  resolved "https://registry.yarnpkg.com/prefix-stream-suffix/-/prefix-stream-suffix-0.0.1.tgz#00264118eedf57edd2eb21ee6be29006a4cccbaa"
  integrity sha512-7lJnt1ADR0UMOPAFPpU46aZTPdvHE6bo/NPxWG/BFzsNzDnh6mUQLwr/MP7gxk3dI4Ox6svlS9BQyzPFL5vwug==
